
Microsoft Visual Studio Solution File, Format Version 12.00
# Visual Studio Version 16
VisualStudioVersion = 16.0.31410.223
MinimumVisualStudioVersion = 10.0.40219.1
Project("{9A19103F-16F7-4668-BE54-9A1E7A4F7556}") = "XdtHtml", "src\XdtHtml\XdtHtml.csproj", "{6A03DA5C-6543-40FA-BF2F-5C1966DD1114}"
EndProject
Project("{FAE04EC0-301F-11D3-BF4B-00C04F79EFBC}") = "XdtHtml.Test", "test\XdtHtml.Test\XdtHtml.Test.csproj", "{6BF7DF4A-860B-4BFD-8DF6-5796F4720B4C}"
EndProject
Global
	GlobalSection(SolutionConfigurationPlatforms) = preSolution
		Debug|Any CPU = Debug|Any CPU
		Release|Any CPU = Release|Any CPU
	EndGlobalSection
	GlobalSection(ProjectConfigurationPlatforms) = postSolution
		{6A03DA5C-6543-40FA-BF2F-5C1966DD1114}.Debug|Any CPU.ActiveCfg = Debug|Any CPU
		{6A03DA5C-6543-40FA-BF2F-5C1966DD1114}.Debug|Any CPU.Build.0 = Debug|Any CPU
		{6A03DA5C-6543-40FA-BF2F-5C1966DD1114}.Release|Any CPU.ActiveCfg = Release|Any CPU
		{6A03DA5C-6543-40FA-BF2F-5C1966DD1114}.Release|Any CPU.Build.0 = Release|Any CPU
		{6BF7DF4A-860B-4BFD-8DF6-5796F4720B4C}.Debug|Any CPU.ActiveCfg = Debug|Any CPU
		{6BF7DF4A-860B-4BFD-8DF6-5796F4720B4C}.Debug|Any CPU.Build.0 = Debug|Any CPU
		{6BF7DF4A-860B-4BFD-8DF6-5796F4720B4C}.Release|Any CPU.ActiveCfg = Release|Any CPU
		{6BF7DF4A-860B-4BFD-8DF6-5796F4720B4C}.Release|Any CPU.Build.0 = Release|Any CPU
	EndGlobalSection
	GlobalSection(SolutionProperties) = preSolution
		HideSolutionNode = FALSE
	EndGlobalSection
	GlobalSection(ExtensibilityGlobals) = postSolution
		SolutionGuid = {6FD91DF0-94F3-485B-BBC7-7689C6FE136C}
	EndGlobalSection
EndGlobal
